
Microsoft Visual Studio Solution File, Format Version 12.00
# Visual Studio Version 17
VisualStudioVersion = 17.13.35806.99
MinimumVisualStudioVersion = 10.0.40219.1
Project("{54435603-DBB4-11D2-8724-00A0C9A8B90C}") = "SnwA01Menu", "SnwA01Menu\SnwA01Menu.vdproj", "{6C5379C6-1238-C67D-68A7-8F09BDD7F9DA}"
EndProject
Global
	GlobalSection(SolutionConfigurationPlatforms) = preSolution
		Debug|Default = Debug|Default
		Release|Default = Release|Default
	EndGlobalSection
	GlobalSection(ProjectConfigurationPlatforms) = postSolution
		{6C5379C6-1238-C67D-68A7-8F09BDD7F9DA}.Debug|Default.ActiveCfg = Debug
		{6C5379C6-1238-C67D-68A7-8F09BDD7F9DA}.Debug|Default.Build.0 = Debug
		{6C5379C6-1238-C67D-68A7-8F09BDD7F9DA}.Release|Default.ActiveCfg = Release
		{6C5379C6-1238-C67D-68A7-8F09BDD7F9DA}.Release|Default.Build.0 = Release
	EndGlobalSection
	GlobalSection(SolutionProperties) = preSolution
		HideSolutionNode = FALSE
	EndGlobalSection
	GlobalSection(ExtensibilityGlobals) = postSolution
		SolutionGuid = {411CD8BF-0032-4056-9C7B-6A03FA92BB1E}
	EndGlobalSection
EndGlobal
