
Microsoft Visual Studio Solution File, Format Version 12.00
# Visual Studio Version 17
VisualStudioVersion = 17.10.35201.131
MinimumVisualStudioVersion = 10.0.40219.1
Project("{F184B08F-C81C-45F6-A57F-5ABD9991F28F}") = "ExDateText", "ExDateText\ExDateText.vbproj", "{BECD3EE2-3143-49CD-AB4F-91287EC70664}"
EndProject
Project("{F184B08F-C81C-45F6-A57F-5ABD9991F28F}") = "ExNmText", "ExNmText\ExNmText.vbproj", "{5D5308C7-012D-49EF-9008-22ACFFDCE373}"
EndProject
Project("{F184B08F-C81C-45F6-A57F-5ABD9991F28F}") = "ExText", "ExText\ExText.vbproj", "{28FFC36A-316B-445D-8A89-BA08D12D8485}"
EndProject
Project("{F184B08F-C81C-45F6-A57F-5ABD9991F28F}") = "WindowsApp1", "WindowsApp1\WindowsApp1.vbproj", "{2BF477E9-8B0A-4C29-A212-EF317D5C7F0C}"
EndProject
Global
	GlobalSection(SolutionConfigurationPlatforms) = preSolution
		Debug|Any CPU = Debug|Any CPU
		Release|Any CPU = Release|Any CPU
	EndGlobalSection
	GlobalSection(ProjectConfigurationPlatforms) = postSolution
		{BECD3EE2-3143-49CD-AB4F-91287EC70664}.Debug|Any CPU.ActiveCfg = Debug|Any CPU
		{BECD3EE2-3143-49CD-AB4F-91287EC70664}.Debug|Any CPU.Build.0 = Debug|Any CPU
		{BECD3EE2-3143-49CD-AB4F-91287EC70664}.Release|Any CPU.ActiveCfg = Release|Any CPU
		{BECD3EE2-3143-49CD-AB4F-91287EC70664}.Release|Any CPU.Build.0 = Release|Any CPU
		{5D5308C7-012D-49EF-9008-22ACFFDCE373}.Debug|Any CPU.ActiveCfg = Debug|Any CPU
		{5D5308C7-012D-49EF-9008-22ACFFDCE373}.Debug|Any CPU.Build.0 = Debug|Any CPU
		{5D5308C7-012D-49EF-9008-22ACFFDCE373}.Release|Any CPU.ActiveCfg = Release|Any CPU
		{5D5308C7-012D-49EF-9008-22ACFFDCE373}.Release|Any CPU.Build.0 = Release|Any CPU
		{28FFC36A-316B-445D-8A89-BA08D12D8485}.Debug|Any CPU.ActiveCfg = Debug|Any CPU
		{28FFC36A-316B-445D-8A89-BA08D12D8485}.Debug|Any CPU.Build.0 = Debug|Any CPU
		{28FFC36A-316B-445D-8A89-BA08D12D8485}.Release|Any CPU.ActiveCfg = Release|Any CPU
		{28FFC36A-316B-445D-8A89-BA08D12D8485}.Release|Any CPU.Build.0 = Release|Any CPU
		{2BF477E9-8B0A-4C29-A212-EF317D5C7F0C}.Debug|Any CPU.ActiveCfg = Debug|Any CPU
		{2BF477E9-8B0A-4C29-A212-EF317D5C7F0C}.Debug|Any CPU.Build.0 = Debug|Any CPU
		{2BF477E9-8B0A-4C29-A212-EF317D5C7F0C}.Release|Any CPU.ActiveCfg = Release|Any CPU
		{2BF477E9-8B0A-4C29-A212-EF317D5C7F0C}.Release|Any CPU.Build.0 = Release|Any CPU
	EndGlobalSection
	GlobalSection(SolutionProperties) = preSolution
		HideSolutionNode = FALSE
	EndGlobalSection
	GlobalSection(ExtensibilityGlobals) = postSolution
		SolutionGuid = {99D31EA2-151D-4111-95FE-49F36A079219}
	EndGlobalSection
EndGlobal
